{
    "version": 3,
    "terraform_version": "0.12.31",
    "serial": 1,
    "lineage": "8a645d53-3c78-76f3-bef8-1cf42f02e8be",
    "modules": [
        {
            "path": [
                "root"
            ],
            "outputs": {
                "google_compute_instance_tfer--instance-20240605-145222_self_link": {
                    "sensitive": false,
                    "type": "string",
                    "value": "https://www.googleapis.com/compute/v1/projects/cloo-1714461127593/zones/us-central1-c/instances/instance-20240605-145222"
                }
            },
            "resources": {
                "google_compute_instance.tfer--instance-20240605-145222": {
                    "type": "google_compute_instance",
                    "depends_on": [],
                    "primary": {
                        "id": "projects/cloo-1714461127593/zones/us-central1-c/instances/instance-20240605-145222",
                        "attributes": {
                            "advanced_machine_features.#": "0",
                            "attached_disk.#": "0",
                            "boot_disk.#": "1",
                            "boot_disk.0.auto_delete": "true",
                            "boot_disk.0.device_name": "instance-20240605-145222",
                            "boot_disk.0.disk_encryption_key_raw": "",
                            "boot_disk.0.disk_encryption_key_sha256": "",
                            "boot_disk.0.initialize_params.#": "1",
                            "boot_disk.0.initialize_params.0.image": "https://www.googleapis.com/compute/v1/projects/debian-cloud/global/images/debian-12-bookworm-v20240515",
                            "boot_disk.0.initialize_params.0.labels.%": "0",
                            "boot_disk.0.initialize_params.0.size": "500",
                            "boot_disk.0.initialize_params.0.type": "pd-balanced",
                            "boot_disk.0.kms_key_self_link": "",
                            "boot_disk.0.mode": "READ_WRITE",
                            "boot_disk.0.source": "https://www.googleapis.com/compute/v1/projects/cloo-1714461127593/zones/us-central1-c/disks/instance-20240605-145222",
                            "can_ip_forward": "false",
                            "confidential_instance_config.#": "1",
                            "confidential_instance_config.0.enable_confidential_compute": "false",
                            "cpu_platform": "Intel Cascade Lake",
                            "current_status": "RUNNING",
                            "deletion_protection": "false",
                            "description": "",
                            "enable_display": "false",
                            "guest_accelerator.#": "0",
                            "hostname": "",
                            "id": "projects/cloo-1714461127593/zones/us-central1-c/instances/instance-20240605-145222",
                            "instance_id": "6206900084295975708",
                            "label_fingerprint": "G3xKWfBJhao=",
                            "labels.%": "1",
                            "labels.goog-ops-agent-policy": "v2-x86-template-1-2-0",
                            "machine_type": "n2-highcpu-8",
                            "metadata.%": "2",
                            "metadata.enable-osconfig": "TRUE",
                            "metadata.ssh-keys": "tymon:ecdsa-sha2-nistp256 AAAAE2VjZHNhLXNoYTItbmlzdHAyNTYAAAAIbmlzdHAyNTYAAABBBPsy2kVC1V19HnzZwEf9ECeoat9qzSaPssx8ylthKR8f3Or4evpBJL4/HY5G3tWuSKSutrTkOM8IxaPA+BK9h7M= google-ssh {\"userName\":\"tymon@cloo.ai\",\"expireOn\":\"2024-07-19T19:08:13+0000\"}\ntymon:ssh-rsa AAAAB3NzaC1yc2EAAAADAQABAAABAFBNgQhtjpICqrk3K6cWiBRHKqXqhg2brua6/zqvnRaS97NB1ukbAXajY8NiVUkTwhoqbHGwQiColOHiT8v0iZuaM6llsYHQDky+cHeitSB7SF29HqUaEdY8nSAts4NmbqGnYnAl+TAANMPCRe3ERDvpPAj4lyEEd1rQ9bqfJQ8KS+BCZTGCcn4B7xlfuBXHG08YIKjKcHwoD5hAhGHK8ed4OFPUCEJn42IN5Urk9hf04k0/ilfbOuYufne/5ZamwlzS8iihQl2hQrslR/Wc8aWOv5wvg2y9QpozsCPaFiVUhJQ80C6aPEF+3AKueseJFtEeHpFmC+dYGKl2QF3ELo8= google-ssh {\"userName\":\"tymon@cloo.ai\",\"expireOn\":\"2024-07-19T19:08:31+0000\"}",
                            "metadata_fingerprint": "nzL3i5pVNKg=",
                            "min_cpu_platform": "",
                            "name": "instance-20240605-145222",
                            "network_interface.#": "1",
                            "network_interface.0.access_config.#": "1",
                            "network_interface.0.access_config.0.nat_ip": "34.55.251.188",
                            "network_interface.0.access_config.0.network_tier": "PREMIUM",
                            "network_interface.0.access_config.0.public_ptr_domain_name": "",
                            "network_interface.0.alias_ip_range.#": "0",
                            "network_interface.0.ipv6_access_config.#": "0",
                            "network_interface.0.ipv6_access_type": "",
                            "network_interface.0.name": "nic0",
                            "network_interface.0.network": "https://www.googleapis.com/compute/v1/projects/cloo-1714461127593/global/networks/default",
                            "network_interface.0.network_ip": "10.7.0.2",
                            "network_interface.0.nic_type": "",
                            "network_interface.0.queue_count": "0",
                            "network_interface.0.stack_type": "IPV4_ONLY",
                            "network_interface.0.subnetwork": "https://www.googleapis.com/compute/v1/projects/cloo-1714461127593/regions/us-central1/subnetworks/cloud-run-internal",
                            "network_interface.0.subnetwork_project": "cloo-1714461127593",
                            "project": "cloo-1714461127593",
                            "reservation_affinity.#": "1",
                            "reservation_affinity.0.specific_reservation.#": "0",
                            "reservation_affinity.0.type": "ANY_RESERVATION",
                            "resource_policies.#": "0",
                            "scheduling.#": "1",
                            "scheduling.0.automatic_restart": "true",
                            "scheduling.0.instance_termination_action": "",
                            "scheduling.0.min_node_cpus": "0",
                            "scheduling.0.node_affinities.#": "0",
                            "scheduling.0.on_host_maintenance": "MIGRATE",
                            "scheduling.0.preemptible": "false",
                            "scheduling.0.provisioning_model": "STANDARD",
                            "scratch_disk.#": "0",
                            "self_link": "https://www.googleapis.com/compute/v1/projects/cloo-1714461127593/zones/us-central1-c/instances/instance-20240605-145222",
                            "service_account.#": "1",
                            "service_account.0.email": "958555716070-compute@developer.gserviceaccount.com",
                            "service_account.0.scopes.#": "6",
                            "service_account.0.scopes.0": "https://www.googleapis.com/auth/devstorage.read_only",
                            "service_account.0.scopes.1": "https://www.googleapis.com/auth/logging.write",
                            "service_account.0.scopes.2": "https://www.googleapis.com/auth/monitoring.write",
                            "service_account.0.scopes.3": "https://www.googleapis.com/auth/service.management.readonly",
                            "service_account.0.scopes.4": "https://www.googleapis.com/auth/servicecontrol",
                            "service_account.0.scopes.5": "https://www.googleapis.com/auth/trace.append",
                            "shielded_instance_config.#": "1",
                            "shielded_instance_config.0.enable_integrity_monitoring": "true",
                            "shielded_instance_config.0.enable_secure_boot": "false",
                            "shielded_instance_config.0.enable_vtpm": "true",
                            "tags.#": "0",
                            "tags_fingerprint": "42WmSpB8rSM=",
                            "zone": "us-central1-c"
                        },
                        "meta": {
                            "schema_version": 6
                        },
                        "tainted": false
                    },
                    "deposed": [],
                    "provider": "provider.google"
                }
            },
            "depends_on": []
        }
    ]
}
